
Microsoft Visual Studio Solution File, Format Version 11.00
# Visual C++ Express 2010
Project("{8BC9CEB8-8B4A-11D0-8D11-00A0C91BC942}") = "VirtualDimension", "VirtualDimension.vcxproj", "{758B7315-3AA9-4C44-BCAE-BFA58E128352}"
	ProjectSection(ProjectDependencies) = postProject
		{2A86520E-9BE4-4196-9520-E62540ED7CE8} = {2A86520E-9BE4-4196-9520-E62540ED7CE8}
		{6A848BAC-7837-4B7A-853E-68ED7D6B1090} = {6A848BAC-7837-4B7A-853E-68ED7D6B1090}
		{F91802F9-CE8B-4987-A6F8-812D2CB0E9D1} = {F91802F9-CE8B-4987-A6F8-812D2CB0E9D1}
	EndProjectSection
EndProject
Project("{8BC9CEB8-8B4A-11D0-8D11-00A0C91BC942}") = "HookDLL", "HookDLL\HookDLL.vcxproj", "{F91802F9-CE8B-4987-A6F8-812D2CB0E9D1}"
EndProject
Project("{8BC9CEB8-8B4A-11D0-8D11-00A0C91BC942}") = "langEN", "langEN\langEN.vcxproj", "{2A86520E-9BE4-4196-9520-E62540ED7CE8}"
EndProject
Project("{8BC9CEB8-8B4A-11D0-8D11-00A0C91BC942}") = "langFR", "langFR\langFR.vcxproj", "{6A848BAC-7837-4B7A-853E-68ED7D6B1090}"
EndProject
Global
	GlobalSection(SolutionConfigurationPlatforms) = preSolution
		Debug|Win32 = Debug|Win32
		Release|Win32 = Release|Win32
	EndGlobalSection
	GlobalSection(ProjectConfigurationPlatforms) = postSolution
		{758B7315-3AA9-4C44-BCAE-BFA58E128352}.Debug|Win32.ActiveCfg = Debug|Win32
		{758B7315-3AA9-4C44-BCAE-BFA58E128352}.Debug|Win32.Build.0 = Debug|Win32
		{758B7315-3AA9-4C44-BCAE-BFA58E128352}.Release|Win32.ActiveCfg = Release|Win32
		{758B7315-3AA9-4C44-BCAE-BFA58E128352}.Release|Win32.Build.0 = Release|Win32
		{F91802F9-CE8B-4987-A6F8-812D2CB0E9D1}.Debug|Win32.ActiveCfg = Debug|Win32
		{F91802F9-CE8B-4987-A6F8-812D2CB0E9D1}.Debug|Win32.Build.0 = Debug|Win32
		{F91802F9-CE8B-4987-A6F8-812D2CB0E9D1}.Release|Win32.ActiveCfg = Release|Win32
		{F91802F9-CE8B-4987-A6F8-812D2CB0E9D1}.Release|Win32.Build.0 = Release|Win32
		{2A86520E-9BE4-4196-9520-E62540ED7CE8}.Debug|Win32.ActiveCfg = Debug|Win32
		{2A86520E-9BE4-4196-9520-E62540ED7CE8}.Debug|Win32.Build.0 = Debug|Win32
		{2A86520E-9BE4-4196-9520-E62540ED7CE8}.Release|Win32.ActiveCfg = Release|Win32
		{2A86520E-9BE4-4196-9520-E62540ED7CE8}.Release|Win32.Build.0 = Release|Win32
		{6A848BAC-7837-4B7A-853E-68ED7D6B1090}.Debug|Win32.ActiveCfg = Debug|Win32
		{6A848BAC-7837-4B7A-853E-68ED7D6B1090}.Debug|Win32.Build.0 = Debug|Win32
		{6A848BAC-7837-4B7A-853E-68ED7D6B1090}.Release|Win32.ActiveCfg = Release|Win32
		{6A848BAC-7837-4B7A-853E-68ED7D6B1090}.Release|Win32.Build.0 = Release|Win32
	EndGlobalSection
	GlobalSection(SolutionProperties) = preSolution
		HideSolutionNode = FALSE
	EndGlobalSection
EndGlobal
